
Microsoft Visual Studio Solution File, Format Version 12.00
# Visual Studio Version 16
VisualStudioVersion = 16.0.31129.286
MinimumVisualStudioVersion = 10.0.40219.1
Project("{9A19103F-16F7-4668-BE54-9A1E7A4F7556}") = "UIConsoleApp", "UIConsoleApp\UIConsoleApp.csproj", "{18385C65-1219-409B-9208-A0886878CB94}"
EndProject
Project("{FAE04EC0-301F-11D3-BF4B-00C04F79EFBC}") = "Business", "Business\Business.csproj", "{9E7FFCB3-E5C9-4D5D-A9CC-1CD4E8B9FB70}"
EndProject
Project("{FAE04EC0-301F-11D3-BF4B-00C04F79EFBC}") = "Data", "Data\Data.csproj", "{F00F82CC-3696-4730-9CA5-E5F8767C0CF0}"
EndProject
Global
	GlobalSection(SolutionConfigurationPlatforms) = preSolution
		Debug|Any CPU = Debug|Any CPU
		Release|Any CPU = Release|Any CPU
	EndGlobalSection
	GlobalSection(ProjectConfigurationPlatforms) = postSolution
		{18385C65-1219-409B-9208-A0886878CB94}.Debug|Any CPU.ActiveCfg = Debug|Any CPU
		{18385C65-1219-409B-9208-A0886878CB94}.Debug|Any CPU.Build.0 = Debug|Any CPU
		{18385C65-1219-409B-9208-A0886878CB94}.Release|Any CPU.ActiveCfg = Release|Any CPU
		{18385C65-1219-409B-9208-A0886878CB94}.Release|Any CPU.Build.0 = Release|Any CPU
		{9E7FFCB3-E5C9-4D5D-A9CC-1CD4E8B9FB70}.Debug|Any CPU.ActiveCfg = Debug|Any CPU
		{9E7FFCB3-E5C9-4D5D-A9CC-1CD4E8B9FB70}.Debug|Any CPU.Build.0 = Debug|Any CPU
		{9E7FFCB3-E5C9-4D5D-A9CC-1CD4E8B9FB70}.Release|Any CPU.ActiveCfg = Release|Any CPU
		{9E7FFCB3-E5C9-4D5D-A9CC-1CD4E8B9FB70}.Release|Any CPU.Build.0 = Release|Any CPU
		{F00F82CC-3696-4730-9CA5-E5F8767C0CF0}.Debug|Any CPU.ActiveCfg = Debug|Any CPU
		{F00F82CC-3696-4730-9CA5-E5F8767C0CF0}.Debug|Any CPU.Build.0 = Debug|Any CPU
		{F00F82CC-3696-4730-9CA5-E5F8767C0CF0}.Release|Any CPU.ActiveCfg = Release|Any CPU
		{F00F82CC-3696-4730-9CA5-E5F8767C0CF0}.Release|Any CPU.Build.0 = Release|Any CPU
	EndGlobalSection
	GlobalSection(SolutionProperties) = preSolution
		HideSolutionNode = FALSE
	EndGlobalSection
	GlobalSection(ExtensibilityGlobals) = postSolution
		SolutionGuid = {280BCBD7-9696-4B2D-A410-791A7400AE1B}
	EndGlobalSection
EndGlobal
