
Microsoft Visual Studio Solution File, Format Version 12.00
# Visual Studio Version 16
VisualStudioVersion = 16.0.31424.327
MinimumVisualStudioVersion = 10.0.40219.1
Project("{9A19103F-16F7-4668-BE54-9A1E7A4F7556}") = "01.DayOfWeek", "01.DayOfWeek\01.DayOfWeek.csproj", "{CC8E2A99-FC93-4539-871B-86C6527B2EAC}"
EndProject
Project("{FAE04EC0-301F-11D3-BF4B-00C04F79EFBC}") = "02.PrintNumberInReverseOrder", "02.PrintNumberInReverseOrder\02.PrintNumberInReverseOrder.csproj", "{7E625858-7A53-4042-99AB-98DEFCC0BBA2}"
EndProject
Project("{FAE04EC0-301F-11D3-BF4B-00C04F79EFBC}") = "03.ReverseArrayOfStrings", "ReverseArrayOfStrings\03.ReverseArrayOfStrings.csproj", "{FF418D0A-FD4D-4FE0-ADCF-AE7BAA0E62CF}"
EndProject
Project("{FAE04EC0-301F-11D3-BF4B-00C04F79EFBC}") = "04.SumEvenNumbers", "SumEvenNumbers\04.SumEvenNumbers.csproj", "{F021F95D-42B5-4371-976C-128A7060719F}"
EndProject
Project("{FAE04EC0-301F-11D3-BF4B-00C04F79EFBC}") = "05.EvenAndOddSubtraction", "EvenAndOddSubtraction\05.EvenAndOddSubtraction.csproj", "{CEBD357B-BD3B-4A20-9025-875CA7363874}"
EndProject
Global
	GlobalSection(SolutionConfigurationPlatforms) = preSolution
		Debug|Any CPU = Debug|Any CPU
		Release|Any CPU = Release|Any CPU
	EndGlobalSection
	GlobalSection(ProjectConfigurationPlatforms) = postSolution
		{CC8E2A99-FC93-4539-871B-86C6527B2EAC}.Debug|Any CPU.ActiveCfg = Debug|Any CPU
		{CC8E2A99-FC93-4539-871B-86C6527B2EAC}.Debug|Any CPU.Build.0 = Debug|Any CPU
		{CC8E2A99-FC93-4539-871B-86C6527B2EAC}.Release|Any CPU.ActiveCfg = Release|Any CPU
		{CC8E2A99-FC93-4539-871B-86C6527B2EAC}.Release|Any CPU.Build.0 = Release|Any CPU
		{7E625858-7A53-4042-99AB-98DEFCC0BBA2}.Debug|Any CPU.ActiveCfg = Debug|Any CPU
		{7E625858-7A53-4042-99AB-98DEFCC0BBA2}.Debug|Any CPU.Build.0 = Debug|Any CPU
		{7E625858-7A53-4042-99AB-98DEFCC0BBA2}.Release|Any CPU.ActiveCfg = Release|Any CPU
		{7E625858-7A53-4042-99AB-98DEFCC0BBA2}.Release|Any CPU.Build.0 = Release|Any CPU
		{FF418D0A-FD4D-4FE0-ADCF-AE7BAA0E62CF}.Debug|Any CPU.ActiveCfg = Debug|Any CPU
		{FF418D0A-FD4D-4FE0-ADCF-AE7BAA0E62CF}.Debug|Any CPU.Build.0 = Debug|Any CPU
		{FF418D0A-FD4D-4FE0-ADCF-AE7BAA0E62CF}.Release|Any CPU.ActiveCfg = Release|Any CPU
		{FF418D0A-FD4D-4FE0-ADCF-AE7BAA0E62CF}.Release|Any CPU.Build.0 = Release|Any CPU
		{F021F95D-42B5-4371-976C-128A7060719F}.Debug|Any CPU.ActiveCfg = Debug|Any CPU
		{F021F95D-42B5-4371-976C-128A7060719F}.Debug|Any CPU.Build.0 = Debug|Any CPU
		{F021F95D-42B5-4371-976C-128A7060719F}.Release|Any CPU.ActiveCfg = Release|Any CPU
		{F021F95D-42B5-4371-976C-128A7060719F}.Release|Any CPU.Build.0 = Release|Any CPU
		{CEBD357B-BD3B-4A20-9025-875CA7363874}.Debug|Any CPU.ActiveCfg = Debug|Any CPU
		{CEBD357B-BD3B-4A20-9025-875CA7363874}.Debug|Any CPU.Build.0 = Debug|Any CPU
		{CEBD357B-BD3B-4A20-9025-875CA7363874}.Release|Any CPU.ActiveCfg = Release|Any CPU
		{CEBD357B-BD3B-4A20-9025-875CA7363874}.Release|Any CPU.Build.0 = Release|Any CPU
	EndGlobalSection
	GlobalSection(SolutionProperties) = preSolution
		HideSolutionNode = FALSE
	EndGlobalSection
	GlobalSection(ExtensibilityGlobals) = postSolution
		SolutionGuid = {FE89F326-2A12-4F29-BFD5-96265B62BF4F}
	EndGlobalSection
EndGlobal
